
Microsoft Visual Studio Solution File, Format Version 12.00
# Visual Studio Version 17
VisualStudioVersion = 17.6.33829.357
MinimumVisualStudioVersion = 10.0.40219.1
Project("{FAE04EC0-301F-11D3-BF4B-00C04F79EFBC}") = "NguyenTienDat", "NguyenTienDat\NguyenTienDat.csproj", "{34A25A26-9A6B-4629-A7D3-901DDE61B8EE}"
EndProject
Global
	GlobalSection(SolutionConfigurationPlatforms) = preSolution
		Debug|Any CPU = Debug|Any CPU
		Release|Any CPU = Release|Any CPU
	EndGlobalSection
	GlobalSection(ProjectConfigurationPlatforms) = postSolution
		{34A25A26-9A6B-4629-A7D3-901DDE61B8EE}.Debug|Any CPU.ActiveCfg = Debug|Any CPU
		{34A25A26-9A6B-4629-A7D3-901DDE61B8EE}.Debug|Any CPU.Build.0 = Debug|Any CPU
		{34A25A26-9A6B-4629-A7D3-901DDE61B8EE}.Release|Any CPU.ActiveCfg = Release|Any CPU
		{34A25A26-9A6B-4629-A7D3-901DDE61B8EE}.Release|Any CPU.Build.0 = Release|Any CPU
	EndGlobalSection
	GlobalSection(SolutionProperties) = preSolution
		HideSolutionNode = FALSE
	EndGlobalSection
	GlobalSection(ExtensibilityGlobals) = postSolution
		SolutionGuid = {D3A4DF78-A06C-4CE1-9767-2F700E3EF110}
	EndGlobalSection
EndGlobal
